
Microsoft Visual Studio Solution File, Format Version 12.00
# Visual Studio Version 17
VisualStudioVersion = 17.0.31903.59
MinimumVisualStudioVersion = 10.0.40219.1
Project("{FAE04EC0-301F-11D3-BF4B-00C04F79EFBC}") = "SMGSaveData.Galaxy2", "SMGSaveData.Galaxy2\SMGSaveData.Galaxy2.csproj", "{ADB5B81C-2551-4203-B256-6AFC56FF0908}"
EndProject
Project("{FAE04EC0-301F-11D3-BF4B-00C04F79EFBC}") = "SMGSaveData.CLI", "SMGSaveData.CLI\SMGSaveData.CLI.csproj", "{0068E77A-2E9A-4D98-9C56-63AFB9E18F4A}"
EndProject
Project("{FAE04EC0-301F-11D3-BF4B-00C04F79EFBC}") = "SMGSaveData.Galaxy2.Tests", "SMGSaveData.Galaxy2.Tests\SMGSaveData.Galaxy2.Tests.csproj", "{485FD57F-AD53-4E1E-9056-6EC373666A1E}"
EndProject
Global
	GlobalSection(SolutionConfigurationPlatforms) = preSolution
		Debug|Any CPU = Debug|Any CPU
		Release|Any CPU = Release|Any CPU
	EndGlobalSection
	GlobalSection(SolutionProperties) = preSolution
		HideSolutionNode = FALSE
	EndGlobalSection
	GlobalSection(ProjectConfigurationPlatforms) = postSolution
		{ADB5B81C-2551-4203-B256-6AFC56FF0908}.Debug|Any CPU.ActiveCfg = Debug|Any CPU
		{ADB5B81C-2551-4203-B256-6AFC56FF0908}.Debug|Any CPU.Build.0 = Debug|Any CPU
		{ADB5B81C-2551-4203-B256-6AFC56FF0908}.Release|Any CPU.ActiveCfg = Release|Any CPU
		{ADB5B81C-2551-4203-B256-6AFC56FF0908}.Release|Any CPU.Build.0 = Release|Any CPU
		{0068E77A-2E9A-4D98-9C56-63AFB9E18F4A}.Debug|Any CPU.ActiveCfg = Debug|Any CPU
		{0068E77A-2E9A-4D98-9C56-63AFB9E18F4A}.Debug|Any CPU.Build.0 = Debug|Any CPU
		{0068E77A-2E9A-4D98-9C56-63AFB9E18F4A}.Release|Any CPU.ActiveCfg = Release|Any CPU
		{0068E77A-2E9A-4D98-9C56-63AFB9E18F4A}.Release|Any CPU.Build.0 = Release|Any CPU
		{485FD57F-AD53-4E1E-9056-6EC373666A1E}.Debug|Any CPU.ActiveCfg = Debug|Any CPU
		{485FD57F-AD53-4E1E-9056-6EC373666A1E}.Debug|Any CPU.Build.0 = Debug|Any CPU
		{485FD57F-AD53-4E1E-9056-6EC373666A1E}.Release|Any CPU.ActiveCfg = Release|Any CPU
		{485FD57F-AD53-4E1E-9056-6EC373666A1E}.Release|Any CPU.Build.0 = Release|Any CPU
	EndGlobalSection
EndGlobal
